
Microsoft Visual Studio Solution File, Format Version 12.00
# Visual Studio Version 17
VisualStudioVersion = 17.3.32929.385
MinimumVisualStudioVersion = 10.0.40219.1
Project("{FAE04EC0-301F-11D3-BF4B-00C04F79EFBC}") = "MultiplayerMod", "MultiplayerMod\MultiplayerMod.csproj", "{8CF3CE61-EFA2-422A-BDB9-CD8BC5376CCB}"
EndProject
Project("{FAE04EC0-301F-11D3-BF4B-00C04F79EFBC}") = "MultiplayerModTests", "MultiplayerModTests\MultiplayerModTests.csproj", "{0C3E1EF7-5EFB-4FAC-B676-2C0660E959AA}"
EndProject
Project("{FAE04EC0-301F-11D3-BF4B-00C04F79EFBC}") = "Assembly-CSharp-firstpass", "Assembly-CSharp-firstpass\Assembly-CSharp-firstpass.csproj", "{CBFB9C4F-74EA-4D63-ADA1-80A1C21B41E3}"
EndProject
Project("{FAE04EC0-301F-11D3-BF4B-00C04F79EFBC}") = "Assembly-CSharp", "Assembly-CSharp\Assembly-CSharp.csproj", "{CBFB9C4F-74EA-4D63-ADA1-80A1C21B41E3}"
EndProject
Global
	GlobalSection(SolutionConfigurationPlatforms) = preSolution
		Release|Any CPU = Release|Any CPU
		Debug|Any CPU = Debug|Any CPU
	EndGlobalSection
	GlobalSection(ProjectConfigurationPlatforms) = postSolution
		{8CF3CE61-EFA2-422A-BDB9-CD8BC5376CCB}.Release|Any CPU.ActiveCfg = Release|Any CPU
		{8CF3CE61-EFA2-422A-BDB9-CD8BC5376CCB}.Release|Any CPU.Build.0 = Release|Any CPU
		{8CF3CE61-EFA2-422A-BDB9-CD8BC5376CCB}.Debug|Any CPU.ActiveCfg = Debug|Any CPU
		{8CF3CE61-EFA2-422A-BDB9-CD8BC5376CCB}.Debug|Any CPU.Build.0 = Debug|Any CPU
		{0C3E1EF7-5EFB-4FAC-B676-2C0660E959AA}.Release|Any CPU.ActiveCfg = Release|Any CPU
		{0C3E1EF7-5EFB-4FAC-B676-2C0660E959AA}.Release|Any CPU.Build.0 = Release|Any CPU
		{0C3E1EF7-5EFB-4FAC-B676-2C0660E959AA}.Debug|Any CPU.ActiveCfg = Debug|Any CPU
		{0C3E1EF7-5EFB-4FAC-B676-2C0660E959AA}.Debug|Any CPU.Build.0 = Debug|Any CPU
		{CBFB9C4F-74EA-4D63-ADA1-80A1C21B41E3}.Release|Any CPU.ActiveCfg = Release|Any CPU
		{CBFB9C4F-74EA-4D63-ADA1-80A1C21B41E3}.Debug|Any CPU.ActiveCfg = Debug|Any CPU
	EndGlobalSection
	GlobalSection(SolutionProperties) = preSolution
		HideSolutionNode = FALSE
	EndGlobalSection
	GlobalSection(ExtensibilityGlobals) = postSolution
		SolutionGuid = {B532045A-7A46-4262-AE5F-F663106A26E5}
	EndGlobalSection
EndGlobal
